
Microsoft Visual Studio Solution File, Format Version 12.00
# Visual Studio Version 16
VisualStudioVersion = 16.0.32126.315
MinimumVisualStudioVersion = 10.0.40219.1
Project("{FAE04EC0-301F-11D3-BF4B-00C04F79EFBC}") = "ConsoleApp1", "ConsoleApp1\ConsoleApp1.csproj", "{ED99B4A5-4285-4CEF-AF87-B2C0C1ACCA23}"
EndProject
Global
	GlobalSection(SolutionConfigurationPlatforms) = preSolution
		Debug|Any CPU = Debug|Any CPU
		Release|Any CPU = Release|Any CPU
	EndGlobalSection
	GlobalSection(ProjectConfigurationPlatforms) = postSolution
		{ED99B4A5-4285-4CEF-AF87-B2C0C1ACCA23}.Debug|Any CPU.ActiveCfg = Debug|Any CPU
		{ED99B4A5-4285-4CEF-AF87-B2C0C1ACCA23}.Debug|Any CPU.Build.0 = Debug|Any CPU
		{ED99B4A5-4285-4CEF-AF87-B2C0C1ACCA23}.Release|Any CPU.ActiveCfg = Release|Any CPU
		{ED99B4A5-4285-4CEF-AF87-B2C0C1ACCA23}.Release|Any CPU.Build.0 = Release|Any CPU
	EndGlobalSection
	GlobalSection(SolutionProperties) = preSolution
		HideSolutionNode = FALSE
	EndGlobalSection
	GlobalSection(ExtensibilityGlobals) = postSolution
		SolutionGuid = {47046124-D583-4123-AFFA-3C3DCCBD1DA9}
	EndGlobalSection
EndGlobal
